{
    "_meta": {
        "hash": {
            "sha256": "189ad630d04c97bc48020357ce66e4f41fa861d95db74e809af026142e8dfef5"
        },
        "pipfile-spec": 6,
        "requires": {
            "python_version": "3.7"
        },
        "sources": [
            {
                "name": "pypi",
                "url": "https://pypi.org/simple",
                "verify_ssl": true
            }
        ]
    },
    "default": {
        "altair": {
            "hashes": [
                "sha256:3edd30d4f4bb0a37278b72578e7e60bc72045a8e6704179e2f4738e35bc12931",
                "sha256:7748841a1bea8354173d1140bef6d3b58bea21d201f562528e9599ea384feb7f"
            ],
            "index": "pypi",
            "version": "==4.1.0"
        },
        "astor": {
            "hashes": [
                "sha256:070a54e890cefb5b3739d19f30f5a5ec840ffc9c50ffa7d23cc9fc1a38ebbfc5",
                "sha256:6a6effda93f4e1ce9f618779b2dd1d9d84f1e32812c23a29b3fff6fd7f63fa5e"
            ],
            "version": "==0.8.1"
        },
        "attrs": {
            "hashes": [
                "sha256:08a96c641c3a74e44eb59afb61a24f2cb9f4d7188748e76ba4bb5edfa3cb7d1c",
                "sha256:f7b7ce16570fe9965acd6d30101a28f62fb4a7f9e926b3bbc9b61f8b04247e72"
            ],
            "version": "==19.3.0"
        },
        "backcall": {
            "hashes": [
                "sha256:38ecd85be2c1e78f77fd91700c76e14667dc21e2713b63876c0eb901196e01e4",
                "sha256:bbbf4b1e5cd2bdb08f915895b51081c041bac22394fdfcfdfbe9f14b77c08bf2"
            ],
            "version": "==0.1.0"
        },
        "base58": {
            "hashes": [
                "sha256:4c7f5687da771b519cf86b3236250e7c3543368c576404c9fe2d992a287666e0",
                "sha256:c83584a8b917dc52dd634307137f2ad2721a9efb4f1de32fc7eaaaf87844177e"
            ],
            "version": "==2.0.0"
        },
        "blinker": {
            "hashes": [
                "sha256:471aee25f3992bd325afa3772f1063dbdbbca947a041b8b89466dc00d606f8b6"
            ],
            "version": "==1.4"
        },
        "boto3": {
            "hashes": [
                "sha256:3c740de27ca113bcdbf5449d6d221428e5bc529e8e7d8e7dd87790602078c333",
                "sha256:a396e514eb6ee57994718a7c85d3810bfda23faba01dd80c65e0aba6a5dedb1f"
            ],
            "version": "==1.13.13"
        },
        "botocore": {
            "hashes": [
                "sha256:5227e7a6d9d88560bae22149dc0d87b71679cf9c63ad79bf37bb2b7cd8e07db0",
                "sha256:babc267e4ff043f3e722f9b0103fd808934519f9148ef7360c255d1aefcb96d7"
            ],
            "version": "==1.16.13"
        },
        "brotli": {
            "hashes": [
                "sha256:0538dc1744fd17c314d2adc409ea7d1b779783b89fd95bcfb0c2acc93a6ea5a7",
                "sha256:0970a47f471782912d7705160b2b0a9306e68e6fadf9cffcaeb42d8f0951e26c",
                "sha256:113f51658e6fe548dce4b3749f6ef6c24de4184ba9c10a909cbee4261c2a5da0",
                "sha256:1e1aa9c4d1558889f42749c8baf846007953bfd32c8209230cf1cd1f5ef33495",
                "sha256:2f2f4f78f29ac4a45d15b3d9fc3fd9705e0ad313a44b129f6e1d0c6916bad0e2",
                "sha256:3269f6de1dd150fd0cce1c158b61ff5ac06d627fd3ae9c6ea03aed26fbbff7ea",
                "sha256:3f4a1f6240916c7984c7f2542786710f622992508dafee0b1714e6d340fb9ffd",
                "sha256:50dd9ad2a2bb12da4e9002a438672d182f98e546e99952de80280a1e1729664f",
                "sha256:5519a4b01b1a4f965083cbfa2ef2b9774c5a5f352341c47b50776ad109423d72",
                "sha256:5eb27722d320370315971c427eb8aa7cc0791f2a458840d357ac653bd0ad3a14",
                "sha256:5f06b4d5b6f58e5b5c220c2f23cad034dc5efa51b01fde2351ced1605bd980e2",
                "sha256:71ceee286ea7ec613f1c36f1c6181864a6ca24ebb55e371276f33d6af8742834",
                "sha256:72848d25a5f9e736db4af4512e0c3feecc094d57d241f8f1ae959115a2c39756",
                "sha256:743001bca75f4a6b4454be3510feca46f9d61a0c782a9bc2bc684bdb245e279e",
                "sha256:7ac98c71a15648fd11bc1f32608b6110e396121280790082e32b9a3109048bc6",
                "sha256:9d1c2dd27a1083fefd05b1b2f8df4a6bc2aaa6c21dd82cd41c8ae5e7c23a87f8",
                "sha256:a13ce9b419fe9f277c63f700efb0e444331509d1881b5610d2ba7e9080606967",
                "sha256:a19ef0952b9d2803df88dff07f45a6c92d5676afb9b8d69cf32232d684036d11",
                "sha256:ad766ca8b8c1419b71a22756b45264f45725c86133dc80a7cbe30b6b78c75620",
                "sha256:ad7963f261988ee0883816b6b9f206f11461c9b3cb5cfbca0c9ab5adc406d395",
                "sha256:af0451e23016631a2f52925a10d738ac4a0f794ac315c30380b22efc0c90cbc6",
                "sha256:c16201060c5a3f8742e3deae759014251ac92f382f82bc2a41dc079ff18c3f24",
                "sha256:c43b202f65891861a9a336984a103de25de235f756de69e32db893156f767013",
                "sha256:c675c6cce4295cb1a692f3de7416aacace7314e064b94bc86e93aceefce7fd3e",
                "sha256:d17cec0b992b1434f5f9df9986563605a4d1b1acd5574c87fc2ac014bcbd3316",
                "sha256:dc91f6129953861a73d9a65c52a8dd682b561a9ebaf65283541645cab6489917",
                "sha256:e2f4cbd1760d2bf2f30e396c2301999aab0191aec031a6a8a04950b2f575a536",
                "sha256:f192e6d3556714105c10486bbd6d045e38a0c04d9da3cef21e0a8dfd8e162df4",
                "sha256:f775b07026af2b1b0b5a8b05e41571cdcf3a315a67df265d60af301656a5425b",
                "sha256:f969ec7f56ba9636679e69ca07fba548312ccaca37412ee823c7f413541ad7e0",
                "sha256:f9dc52cd70907aafb99a773b66b156f2f995c7a0d284397c487c8b71ddbef2f9",
                "sha256:f9ee88bb52352588ceb811d045b5c9bb1dc38927bc150fd156244f60ff3f59f1",
                "sha256:fc7212e36ebeb81aebf7949c92897b622490d7c0e333a479c0395591e7994600"
            ],
            "version": "==1.0.7"
        },
        "cachetools": {
            "hashes": [
                "sha256:1d057645db16ca7fe1f3bd953558897603d6f0b9c51ed9d11eb4d071ec4e2aab",
                "sha256:de5d88f87781602201cde465d3afe837546663b168e8b39df67411b0bf10cefc"
            ],
            "version": "==4.1.0"
        },
        "certifi": {
            "hashes": [
                "sha256:1d987a998c75633c40847cc966fcf5904906c920a7f17ef374f5aa4282abd304",
                "sha256:51fcb31174be6e6664c5f69e3e1691a2d72a1a12e90f872cbdb1567eb47b6519"
            ],
            "version": "==2020.4.5.1"
        },
        "chardet": {
            "hashes": [
                "sha256:84ab92ed1c4d4f16916e05906b6b75a6c0fb5db821cc65e70cbd64a3e2a5eaae",
                "sha256:fc323ffcaeaed0e0a02bf4d117757b98aed530d9ed4531e3e15460124c106691"
            ],
            "version": "==3.0.4"
        },
        "click": {
            "hashes": [
                "sha256:d2b5255c7c6349bc1bd1e59e08cd12acbbd63ce649f2588755783aa94dfb6b1a",
                "sha256:dacca89f4bfadd5de3d7489b7c8a566eee0d3676333fbb50030263894c38c0dc"
            ],
            "version": "==7.1.2"
        },
        "dash": {
            "hashes": [
                "sha256:57e32410a4f0f9fef0cdcd61f801bd01738f343ad308fa51592859ef9bc5c5ad"
            ],
            "index": "pypi",
            "version": "==1.11.0"
        },
        "dash-bootstrap-components": {
            "hashes": [
                "sha256:ab6ff87baf3b1bab0877694b1a8eb8ad561ef7b06b55941098b740e5016edce0"
            ],
            "index": "pypi",
            "version": "==0.9.2"
        },
        "dash-core-components": {
            "hashes": [
                "sha256:ea72f514d841caa1b42a1c6092d00c05cc63768916d33563e994114c1a022656"
            ],
            "version": "==1.9.1"
        },
        "dash-html-components": {
            "hashes": [
                "sha256:dafb54ae8ab601fffe50c74d72b32783dec2beea65fd1c7e7dd6a66e20e545ba"
            ],
            "version": "==1.0.3"
        },
        "dash-renderer": {
            "hashes": [
                "sha256:c56e57f0b55ff0d7bb0f4df71060879460b2d22387fe01394fa84f85c71f66ed"
            ],
            "version": "==1.4.0"
        },
        "dash-table": {
            "hashes": [
                "sha256:5ceabd434bc63a9d1aa5bf4f00b55d2e5342072e274f0ee6fc53bc58bef4c1c2"
            ],
            "version": "==4.6.2"
        },
        "decorator": {
            "hashes": [
                "sha256:41fa54c2a0cc4ba648be4fd43cff00aedf5b9465c9bf18d64325bc225f08f760",
                "sha256:e3a62f0520172440ca0dcc823749319382e377f37f140a0b99ef45fecb84bfe7"
            ],
            "version": "==4.4.2"
        },
        "docutils": {
            "hashes": [
                "sha256:6c4f696463b79f1fb8ba0c594b63840ebd41f059e92b31957c46b74a4599b6d0",
                "sha256:9e4d7ecfc600058e07ba661411a2b7de2fd0fafa17d1a7f7361cd47b1175c827",
                "sha256:a2aeea129088da402665e92e0b25b04b073c04b2dce4ab65caaa38b7ce2e1a99"
            ],
            "version": "==0.15.2"
        },
        "entrypoints": {
            "hashes": [
                "sha256:589f874b313739ad35be6e0cd7efde2a4e9b6fea91edcc34e58ecbb8dbe56d19",
                "sha256:c70dd71abe5a8c85e55e12c19bd91ccfeec11a6e99044204511f9ed547d48451"
            ],
            "version": "==0.3"
        },
        "enum-compat": {
            "hashes": [
                "sha256:3677daabed56a6f724451d585662253d8fb4e5569845aafa8bb0da36b1a8751e",
                "sha256:88091b617c7fc3bbbceae50db5958023c48dc40b50520005aa3bf27f8f7ea157"
            ],
            "version": "==0.0.3"
        },
        "flask": {
            "hashes": [
                "sha256:4efa1ae2d7c9865af48986de8aeb8504bf32c7f3d6fdc9353d34b21f4b127060",
                "sha256:8a4fdd8936eba2512e9c85df320a37e694c93945b33ef33c89946a340a238557"
            ],
            "version": "==1.1.2"
        },
        "flask-compress": {
            "hashes": [
                "sha256:f367b2b46003dd62be34f7fb1379938032656dca56377a9bc90e7188e4289a7c"
            ],
            "version": "==1.5.0"
        },
        "future": {
            "hashes": [
                "sha256:b1bead90b70cf6ec3f0710ae53a525360fa360d306a86583adc6bf83a4db537d"
            ],
            "version": "==0.18.2"
        },
        "google-auth": {
            "hashes": [
                "sha256:73b141d122942afe12e8bfdcb6900d5df35c27d39700f078363ba0b1298ad33b",
                "sha256:fbf25fee328c0828ef293459d9c649ef84ee44c0b932bb999d19df0ead1b40cf"
            ],
            "version": "==1.15.0"
        },
        "google-auth-oauthlib": {
            "hashes": [
                "sha256:88d2cd115e3391eb85e1243ac6902e76e77c5fe438b7276b297fbe68015458dd",
                "sha256:a92a0f6f41a0fb6138454fbc02674e64f89d82a244ea32f98471733c8ef0e0e1"
            ],
            "version": "==0.4.1"
        },
        "gspread": {
            "hashes": [
                "sha256:4881b43368199cf032ab778f1874d620507d5bbca30e6871345677820ab42be9",
                "sha256:57695efd0a06e6c1370b40b7f9c986c23379906319594c0a7b36a1d116c2d455"
            ],
            "index": "pypi",
            "version": "==3.5.0"
        },
        "gunicorn": {
            "hashes": [
                "sha256:1904bb2b8a43658807108d59c3f3d56c2b6121a701161de0ddf9ad140073c626",
                "sha256:cd4a810dd51bf497552cf3f863b575dabd73d6ad6a91075b65936b151cbf4f9c"
            ],
            "index": "pypi",
            "version": "==20.0.4"
        },
        "httplib2": {
            "hashes": [
                "sha256:4f6988e6399a2546b525a037d56da34aed4d149bbdc0e78523018d5606c26e74",
                "sha256:b0e1f3ed76c97380fe2485bc47f25235453b40ef33ca5921bb2897e257a49c4c"
            ],
            "index": "pypi",
            "version": "==0.18.0"
        },
        "idna": {
            "hashes": [
                "sha256:7588d1c14ae4c77d74036e8c22ff447b26d0fde8f007354fd48a7814db15b7cb",
                "sha256:a068a21ceac8a4d63dbfd964670474107f541babbd2250d61922f029858365fa"
            ],
            "version": "==2.9"
        },
        "importlib-metadata": {
            "hashes": [
                "sha256:2a688cbaa90e0cc587f1df48bdc97a6eadccdcd9c35fb3f976a09e3b5016d90f",
                "sha256:34513a8a0c4962bc66d35b359558fd8a5e10cd472d37aec5f66858addef32c1e"
            ],
            "markers": "python_version < '3.8'",
            "version": "==1.6.0"
        },
        "ipykernel": {
            "hashes": [
                "sha256:731adb3f2c4ebcaff52e10a855ddc87670359a89c9c784d711e62d66fccdafae",
                "sha256:a8362e3ae365023ca458effe93b026b8cdadc0b73ff3031472128dd8a2cf0289"
            ],
            "markers": "python_version >= '3.4'",
            "version": "==5.3.0"
        },
        "ipython": {
            "hashes": [
                "sha256:5b241b84bbf0eb085d43ae9d46adf38a13b45929ca7774a740990c2c242534bb",
                "sha256:f0126781d0f959da852fb3089e170ed807388e986a8dd4e6ac44855845b0fb1c"
            ],
            "version": "==7.14.0"
        },
        "ipython-genutils": {
            "hashes": [
                "sha256:72dd37233799e619666c9f639a9da83c34013a73e8bbc79a7a6348d93c61fab8",
                "sha256:eb2e116e75ecef9d4d228fdc66af54269afa26ab4463042e33785b887c628ba8"
            ],
            "version": "==0.2.0"
        },
        "ipywidgets": {
            "hashes": [
                "sha256:87b30e4dfd68a7c4e3c6462eedb95ac7d1a776cc182f87168d960151151de31c",
                "sha256:9cb5590e583b8ea309a2d8e88fb02e44d054df2a77891f7d3356b0b883b99d3d"
            ],
            "version": "==8.0.0a0"
        },
        "itsdangerous": {
            "hashes": [
                "sha256:321b033d07f2a4136d3ec762eac9f16a10ccd60f53c0c91af90217ace7ba1f19",
                "sha256:b12271b2047cb23eeb98c8b5622e2e5c5e9abd9784a153e9d8ef9cb4dd09d749"
            ],
            "version": "==1.1.0"
        },
        "jedi": {
            "hashes": [
                "sha256:cd60c93b71944d628ccac47df9a60fec53150de53d42dc10a7fc4b5ba6aae798",
                "sha256:df40c97641cb943661d2db4c33c2e1ff75d491189423249e989bcea4464f3030"
            ],
            "version": "==0.17.0"
        },
        "jinja2": {
            "hashes": [
                "sha256:c10142f819c2d22bdcd17548c46fa9b77cf4fda45097854c689666bf425e7484",
                "sha256:c922560ac46888d47384de1dbdc3daaa2ea993af4b26a436dec31fa2c19ec668"
            ],
            "version": "==3.0.0a1"
        },
        "jmespath": {
            "hashes": [
                "sha256:b85d0567b8666149a93172712e68920734333c0ce7e89b78b3e987f71e5ed4f9",
                "sha256:cdf6525904cc597730141d61b36f2e4b8ecc257c420fa2f4549bac2c2d0cb72f"
            ],
            "version": "==0.10.0"
        },
        "jsonschema": {
            "hashes": [
                "sha256:4e5b3cf8216f577bee9ce139cbe72eca3ea4f292ec60928ff24758ce626cd163",
                "sha256:c8a85b28d377cc7737e46e2d9f2b4f44ee3c0e1deac6bf46ddefc7187d30797a"
            ],
            "version": "==3.2.0"
        },
        "jupyter-client": {
            "hashes": [
                "sha256:3a32fa4d0b16d1c626b30c3002a62dfd86d6863ed39eaba3f537fade197bb756",
                "sha256:cde8e83aab3ec1c614f221ae54713a9a46d3bf28292609d2db1b439bef5a8c8e"
            ],
            "version": "==6.1.3"
        },
        "jupyter-core": {
            "hashes": [
                "sha256:394fd5dd787e7c8861741880bdf8a00ce39f95de5d18e579c74b882522219e7e",
                "sha256:a4ee613c060fe5697d913416fc9d553599c05e4492d58fac1192c9a6844abb21"
            ],
            "version": "==4.6.3"
        },
        "markupsafe": {
            "hashes": [
                "sha256:06358015a4dee8ee23ae426bf885616ab3963622defd829eb45b44e3dee3515f",
                "sha256:0b0c4fc852c5f02c6277ef3b33d23fcbe89b1b227460423e3335374da046b6db",
                "sha256:267677fc42afed5094fc5ea1c4236bbe4b6a00fe4b08e93451e65ae9048139c7",
                "sha256:303cb70893e2c345588fb5d5b86e0ca369f9bb56942f03064c5e3e75fa7a238a",
                "sha256:3c9b624a0d9ed5a5093ac4edc4e823e6b125441e60ef35d36e6f4a6fdacd5054",
                "sha256:42033e14cae1f6c86fc0c3e90d04d08ce73ac8e46ba420a0d22d545c2abd4977",
                "sha256:4e4a99b6af7bdc0856b50020c095848ec050356a001e1f751510aef6ab14d0e0",
                "sha256:4eb07faad54bb07427d848f31030a65a49ebb0cec0b30674f91cf1ddd456bfe4",
                "sha256:63a7161cd8c2bc563feeda45df62f42c860dd0675e2b8da2667f25bb3c95eaba",
                "sha256:68e0fd039b68d2945b4beb947d4023ca7f8e95b708031c345762efba214ea761",
                "sha256:8092a63397025c2f655acd42784b2a1528339b90b987beb9253f22e8cdbb36c3",
                "sha256:841218860683c0f2223e24756843d84cc49cccdae6765e04962607754a52d3e0",
                "sha256:94076b2314bd2f6cfae508ad65b4d493e3a58a50112b7a2cbb6287bdbc404ae8",
                "sha256:9d22aff1c5322e402adfb3ce40839a5056c353e711c033798cf4f02eb9f5124d",
                "sha256:b0e4584f62b3e5f5c1a7bcefd2b52f236505e6ef032cc508caa4f4c8dc8d3af1",
                "sha256:b1163ffc1384d242964426a8164da12dbcdbc0de18ea36e2c34b898ed38c3b45",
                "sha256:beac28ed60c8e838301226a7a85841d0af2068eba2dcb1a58c2d32d6c05e440e",
                "sha256:c29f096ce79c03054a1101d6e5fe6bf04b0bb489165d5e0e9653fb4fe8048ee1",
                "sha256:c58779966d53e5f14ba393d64e2402a7926601d1ac8adeb4e83893def79d0428",
                "sha256:cfe14b37908eaf7d5506302987228bff69e1b8e7071ccd4e70fd0283b1b47f0b",
                "sha256:e834249c45aa9837d0753351cdca61a4b8b383cc9ad0ff2325c97ff7b69e72a6",
                "sha256:eed1b234c4499811ee85bcefa22ef5e466e75d132502226ed29740d593316c1f"
            ],
            "version": "==2.0.0a1"
        },
        "nbformat": {
            "hashes": [
                "sha256:049af048ed76b95c3c44043620c17e56bc001329e07f83fec4f177f0e3d7b757",
                "sha256:276343c78a9660ab2a63c28cc33da5f7c58c092b3f3a40b6017ae2ce6689320d"
            ],
            "version": "==5.0.6"
        },
        "numpy": {
            "hashes": [
                "sha256:0aa2b318cf81eb1693fcfcbb8007e95e231d7e1aa24288137f3b19905736c3ee",
                "sha256:163c78c04f47f26ca1b21068cea25ed7c5ecafe5f5ab2ea4895656a750582b56",
                "sha256:1e37626bcb8895c4b3873fcfd54e9bfc5ffec8d0f525651d6985fcc5c6b6003c",
                "sha256:264fd15590b3f02a1fbc095e7e1f37cdac698ff3829e12ffdcffdce3772f9d44",
                "sha256:3d9e1554cd9b5999070c467b18e5ae3ebd7369f02706a8850816f576a954295f",
                "sha256:40c24960cd5cec55222963f255858a1c47c6fa50a65a5b03fd7de75e3700eaaa",
                "sha256:46f404314dbec78cb342904f9596f25f9b16e7cf304030f1339e553c8e77f51c",
                "sha256:4847f0c993298b82fad809ea2916d857d0073dc17b0510fbbced663b3265929d",
                "sha256:48e15612a8357393d176638c8f68a19273676877caea983f8baf188bad430379",
                "sha256:6725d2797c65598778409aba8cd67077bb089d5b7d3d87c2719b206dc84ec05e",
                "sha256:99f0ba97e369f02a21bb95faa3a0de55991fd5f0ece2e30a9e2eaebeac238921",
                "sha256:a41f303b3f9157a31ce7203e3ca757a0c40c96669e72d9b6ee1bce8507638970",
                "sha256:a4305564e93f5c4584f6758149fd446df39fd1e0a8c89ca0deb3cce56106a027",
                "sha256:a551d8cc267c634774830086da42e4ba157fa41dd3b93982bc9501b284b0c689",
                "sha256:a6bc9432c2640b008d5f29bad737714eb3e14bb8854878eacf3d7955c4e91c36",
                "sha256:c60175d011a2e551a2f74c84e21e7c982489b96b6a5e4b030ecdeacf2914da68",
                "sha256:e46e2384209c91996d5ec16744234d1c906ab79a701ce1a26155c9ec890b8dc8",
                "sha256:e607b8cdc2ae5d5a63cd1bec30a15b5ed583ac6a39f04b7ba0f03fcfbf29c05b",
                "sha256:e94a39d5c40fffe7696009dbd11bc14a349b377e03a384ed011e03d698787dd3",
                "sha256:eb2286249ebfe8fcb5b425e5ec77e4736d53ee56d3ad296f8947f67150f495e3",
                "sha256:fdee7540d12519865b423af411bd60ddb513d2eb2cd921149b732854995bbf8b"
            ],
            "index": "pypi",
            "version": "==1.18.3"
        },
        "oauth2client": {
            "hashes": [
                "sha256:b8a81cc5d60e2d364f0b1b98f958dbd472887acaf1a5b05e21c28c31a2d6d3ac",
                "sha256:d486741e451287f69568a4d26d70d9acd73a2bbfa275746c535b4209891cccc6"
            ],
            "index": "pypi",
            "version": "==4.1.3"
        },
        "oauthlib": {
            "hashes": [
                "sha256:bee41cc35fcca6e988463cacc3bcb8a96224f470ca547e697b604cc697b2f889",
                "sha256:df884cd6cbe20e32633f1db1072e9356f53638e4361bef4e8b03c9127c9328ea"
            ],
            "version": "==3.1.0"
        },
        "packaging": {
            "hashes": [
                "sha256:4357f74f47b9c12db93624a82154e9b120fa8293699949152b22065d556079f8",
                "sha256:998416ba6962ae7fbd6596850b80e17859a5753ba17c32284f67bfff33784181"
            ],
            "version": "==20.4"
        },
        "pandas": {
            "hashes": [
                "sha256:07c1b58936b80eafdfe694ce964ac21567b80a48d972879a359b3ebb2ea76835",
                "sha256:0ebe327fb088df4d06145227a4aa0998e4f80a9e6aed4b61c1f303bdfdf7c722",
                "sha256:11c7cb654cd3a0e9c54d81761b5920cdc86b373510d829461d8f2ed6d5905266",
                "sha256:12f492dd840e9db1688126216706aa2d1fcd3f4df68a195f9479272d50054645",
                "sha256:167a1315367cea6ec6a5e11e791d9604f8e03f95b57ad227409de35cf850c9c5",
                "sha256:1a7c56f1df8d5ad8571fa251b864231f26b47b59cbe41aa5c0983d17dbb7a8e4",
                "sha256:1fa4bae1a6784aa550a1c9e168422798104a85bf9c77a1063ea77ee6f8452e3a",
                "sha256:32f42e322fb903d0e189a4c10b75ba70d90958cc4f66a1781ed027f1a1d14586",
                "sha256:387dc7b3c0424327fe3218f81e05fc27832772a5dffbed385013161be58df90b",
                "sha256:6597df07ea361231e60c00692d8a8099b519ed741c04e65821e632bc9ccb924c",
                "sha256:743bba36e99d4440403beb45a6f4f3a667c090c00394c176092b0b910666189b",
                "sha256:858a0d890d957ae62338624e4aeaf1de436dba2c2c0772570a686eaca8b4fc85",
                "sha256:863c3e4b7ae550749a0bb77fa22e601a36df9d2905afef34a6965bed092ba9e5",
                "sha256:a210c91a02ec5ff05617a298ad6f137b9f6f5771bf31f2d6b6367d7f71486639",
                "sha256:ca84a44cf727f211752e91eab2d1c6c1ab0f0540d5636a8382a3af428542826e",
                "sha256:d234bcf669e8b4d6cbcd99e3ce7a8918414520aeb113e2a81aeb02d0a533d7f7"
            ],
            "index": "pypi",
            "version": "==1.0.3"
        },
        "parso": {
            "hashes": [
                "sha256:158c140fc04112dc45bca311633ae5033c2c2a7b732fa33d0955bad8152a8dd0",
                "sha256:908e9fae2144a076d72ae4e25539143d40b8e3eafbaeae03c1bfe226f4cdf12c"
            ],
            "version": "==0.7.0"
        },
        "pathtools": {
            "hashes": [
                "sha256:7c35c5421a39bb82e58018febd90e3b6e5db34c5443aaaf742b3f33d4655f1c0"
            ],
            "version": "==0.1.2"
        },
        "penn-chime": {
            "path": "."
        },
        "pexpect": {
            "hashes": [
                "sha256:0b48a55dcb3c05f3329815901ea4fc1537514d6ba867a152b581d69ae3710937",
                "sha256:fc65a43959d153d0114afe13997d439c22823a27cefceb5ff35c2178c6784c0c"
            ],
            "markers": "sys_platform != 'win32'",
            "version": "==4.8.0"
        },
        "pickleshare": {
            "hashes": [
                "sha256:87683d47965c1da65cdacaf31c8441d12b8044cdec9aca500cd78fc2c683afca",
                "sha256:9649af414d74d4df115d5d718f82acb59c9d418196b7b4290ed47a12ce62df56"
            ],
            "version": "==0.7.5"
        },
        "pillow": {
            "hashes": [
                "sha256:04766c4930c174b46fd72d450674612ab44cca977ebbcc2dde722c6933290107",
                "sha256:0e2a3bceb0fd4e0cb17192ae506d5f082b309ffe5fc370a5667959c9b2f85fa3",
                "sha256:0f01e63c34f0e1e2580cc0b24e86a5ccbbfa8830909a52ee17624c4193224cd9",
                "sha256:12e4bad6bddd8546a2f9771485c7e3d2b546b458ae8ff79621214119ac244523",
                "sha256:1f694e28c169655c50bb89a3fa07f3b854d71eb47f50783621de813979ba87f3",
                "sha256:3d25dd8d688f7318dca6d8cd4f962a360ee40346c15893ae3b95c061cdbc4079",
                "sha256:4b02b9c27fad2054932e89f39703646d0c543f21d3cc5b8e05434215121c28cd",
                "sha256:9744350687459234867cbebfe9df8f35ef9e1538f3e729adbd8fde0761adb705",
                "sha256:a0b49960110bc6ff5fead46013bcb8825d101026d466f3a4de3476defe0fb0dd",
                "sha256:ae2b270f9a0b8822b98655cb3a59cdb1bd54a34807c6c56b76dd2e786c3b7db3",
                "sha256:b37bb3bd35edf53125b0ff257822afa6962649995cbdfde2791ddb62b239f891",
                "sha256:b532bcc2f008e96fd9241177ec580829dee817b090532f43e54074ecffdcd97f",
                "sha256:b67a6c47ed963c709ed24566daa3f95a18f07d3831334da570c71da53d97d088",
                "sha256:b943e71c2065ade6fef223358e56c167fc6ce31c50bc7a02dd5c17ee4338e8ac",
                "sha256:ccc9ad2460eb5bee5642eaf75a0438d7f8887d484490d5117b98edd7f33118b7",
                "sha256:d23e2aa9b969cf9c26edfb4b56307792b8b374202810bd949effd1c6e11ebd6d",
                "sha256:eaa83729eab9c60884f362ada982d3a06beaa6cc8b084cf9f76cae7739481dfa",
                "sha256:ee94fce8d003ac9fd206496f2707efe9eadcb278d94c271f129ab36aa7181344",
                "sha256:f455efb7a98557412dc6f8e463c1faf1f1911ec2432059fa3e582b6000fc90e2",
                "sha256:f46e0e024346e1474083c729d50de909974237c72daca05393ee32389dabe457",
                "sha256:f54be399340aa602066adb63a86a6a5d4f395adfdd9da2b9a0162ea808c7b276",
                "sha256:f784aad988f12c80aacfa5b381ec21fd3f38f851720f652b9f33facc5101cf4d"
            ],
            "version": "==7.1.2"
        },
        "plotly": {
            "hashes": [
                "sha256:7a48cdedd13cef6745de5527d26928791f1b911b88c435667b74eadd427a10e8",
                "sha256:ad0adf659ae88caf09d94a97b7ae1272b0868b30147cccf43caae7fae49a6f45"
            ],
            "version": "==4.7.1"
        },
        "prompt-toolkit": {
            "hashes": [
                "sha256:563d1a4140b63ff9dd587bda9557cffb2fe73650205ab6f4383092fb882e7dc8",
                "sha256:df7e9e63aea609b1da3a65641ceaf5bc7d05e0a04de5bd45d05dbeffbabf9e04"
            ],
            "version": "==3.0.5"
        },
        "protobuf": {
            "hashes": [
                "sha256:00c2c276aca3af220d422e6a8625b1f5399c821c9b6f1c83e8a535aa8f48cc6c",
                "sha256:0d69d76b00d0eb5124cb33a34a793383a5bbbf9ac3e633207c09988717c5da85",
                "sha256:1c55277377dd35e508e9d86c67a545f6d8d242d792af487678eeb75c07974ee2",
                "sha256:35bc1b96241b8ea66dbf386547ef2e042d73dcc0bf4b63566e3ef68722bb24d1",
                "sha256:47a541ac44f2dcc8d49b615bcf3ed7ba4f33af9791118cecc3d17815fab652d9",
                "sha256:61364bcd2d85277ab6155bb7c5267e6a64786a919f1a991e29eb536aa5330a3d",
                "sha256:7aaa820d629f8a196763dd5ba21fd272fa038f775a845a52e21fa67862abcd35",
                "sha256:9593a6cdfc491f2caf62adb1c03170e9e8748d0a69faa2b3970e39a92fbd05a2",
                "sha256:95f035bbafec7dbaa0f1c72eda8108b763c1671fcb6e577e93da2d52eb47fbcf",
                "sha256:9d6a517ce33cbdc64b52a17c56ce17b0b20679c945ed7420e7c6bc6686ff0494",
                "sha256:a7532d971e4ab2019a9f6aa224b209756b6b9e702940ca85a4b1ed1d03f45396",
                "sha256:b4e8ecb1eb3d011f0ccc13f8bb0a2d481aa05b733e6e22e9d46a3f61dbbef0de",
                "sha256:bb1aced9dcebc46f0b320f24222cc8ffdfd2e47d2bafd4d2e5913cc6f7e3fc98",
                "sha256:ccce142ebcfbc35643a5012cf398497eb18e8d021333cced4d5401f034a8cef5",
                "sha256:d538eecc0b80accfb73c8167f39aaa167a5a50f31b1295244578c8eff8e9d602",
                "sha256:eab18765eb5c7bad1b2de7ae3774192b46e1873011682e36bcd70ccf75f2748a"
            ],
            "version": "==3.12.0"
        },
        "ptyprocess": {
            "hashes": [
                "sha256:923f299cc5ad920c68f2bc0bc98b75b9f838b93b599941a6b63ddbc2476394c0",
                "sha256:d7cc528d76e76342423ca640335bd3633420dc1366f258cb31d05e865ef5ca1f"
            ],
            "version": "==0.6.0"
        },
        "pyasn1": {
            "hashes": [
                "sha256:39c7e2ec30515947ff4e87fb6f456dfc6e84857d34be479c9d4a4ba4bf46aa5d",
                "sha256:aef77c9fb94a3ac588e87841208bdec464471d9871bd5050a287cc9a475cd0ba"
            ],
            "version": "==0.4.8"
        },
        "pyasn1-modules": {
            "hashes": [
                "sha256:905f84c712230b2c592c19470d3ca8d552de726050d1d1716282a1f6146be65e",
                "sha256:a50b808ffeb97cb3601dd25981f6b016cbb3d31fbf57a8b8a87428e6158d0c74"
            ],
            "version": "==0.2.8"
        },
        "pydeck": {
            "hashes": [
                "sha256:7a3f1616665bb3a6bf69392488c51ec192d7443f080464aded2045e2e7711f8a",
                "sha256:d88ccba2bd8f933a77cb8e68fc569156ca6bf958eb20a9f4ab0359e045f15eb3"
            ],
            "version": "==0.3.1"
        },
        "pygments": {
            "hashes": [
                "sha256:647344a061c249a3b74e230c739f434d7ea4d8b1d5f3721bc0f3558049b38f44",
                "sha256:ff7a40b4860b727ab48fad6360eb351cc1b33cbf9b15a0f689ca5353e9463324"
            ],
            "version": "==2.6.1"
        },
        "pyparsing": {
            "hashes": [
                "sha256:67199f0c41a9c702154efb0e7a8cc08accf830eb003b4d9fa42c4059002e2492",
                "sha256:700d17888d441604b0bd51535908dcb297561b040819cccde647a92439db5a2a"
            ],
            "version": "==3.0.0a1"
        },
        "pyrsistent": {
            "hashes": [
                "sha256:28669905fe725965daa16184933676547c5bb40a5153055a8dee2a4bd7933ad3"
            ],
            "version": "==0.16.0"
        },
        "python-dateutil": {
            "hashes": [
                "sha256:73ebfe9dbf22e832286dafa60473e4cd239f8592f699aa5adaf10050e6e1823c",
                "sha256:75bb3f31ea686f1197762692a9ee6a7550b59fc6ca3a1f4b5d7e32fb98e2da2a"
            ],
            "version": "==2.8.1"
        },
        "python-i18n": {
            "hashes": [
                "sha256:095cb67a449f9caaddb4ca034255dcb442b1d1aca874294eda537bb5ea919892",
                "sha256:85954be9c16b53221b42ebdf5164d6e6fef80f2dd0e388c7a468687330bba1d3"
            ],
            "index": "pypi",
            "version": "==0.3.7"
        },
        "pytz": {
            "hashes": [
                "sha256:a494d53b6d39c3c6e44c3bec237336e14305e4f29bbf800b599253057fbb79ed",
                "sha256:c35965d010ce31b23eeb663ed3cc8c906275d6be1a34393a1d73a41febf4a048"
            ],
            "version": "==2020.1"
        },
        "pyyaml": {
            "hashes": [
                "sha256:06a0d7ba600ce0b2d2fe2e78453a470b5a6e000a985dd4a4e54e436cc36b0e97",
                "sha256:240097ff019d7c70a4922b6869d8a86407758333f02203e0fc6ff79c5dcede76",
                "sha256:4f4b913ca1a7319b33cfb1369e91e50354d6f07a135f3b901aca02aa95940bd2",
                "sha256:69f00dca373f240f842b2931fb2c7e14ddbacd1397d57157a9b005a6a9942648",
                "sha256:73f099454b799e05e5ab51423c7bcf361c58d3206fa7b0d555426b1f4d9a3eaf",
                "sha256:74809a57b329d6cc0fdccee6318f44b9b8649961fa73144a98735b0aaf029f1f",
                "sha256:7739fc0fa8205b3ee8808aea45e968bc90082c10aef6ea95e855e10abf4a37b2",
                "sha256:95f71d2af0ff4227885f7a6605c37fd53d3a106fcab511b8860ecca9fcf400ee",
                "sha256:b8eac752c5e14d3eca0e6dd9199cd627518cb5ec06add0de9d32baeee6fe645d",
                "sha256:cc8955cfbfc7a115fa81d85284ee61147059a753344bc51098f3ccd69b0d7e0c",
                "sha256:d13155f591e6fcc1ec3b30685d50bf0711574e2c0dfffd7644babf8b5102ca1a"
            ],
            "index": "pypi",
            "version": "==5.3.1"
        },
        "pyzmq": {
            "hashes": [
                "sha256:07fb8fe6826a229dada876956590135871de60dbc7de5a18c3bcce2ed1f03c98",
                "sha256:13a5638ab24d628a6ade8f794195e1a1acd573496c3b85af2f1183603b7bf5e0",
                "sha256:15b4cb21118f4589c4db8be4ac12b21c8b4d0d42b3ee435d47f686c32fe2e91f",
                "sha256:21f7d91f3536f480cb2c10d0756bfa717927090b7fb863e6323f766e5461ee1c",
                "sha256:2a88b8fabd9cc35bd59194a7723f3122166811ece8b74018147a4ed8489e6421",
                "sha256:342fb8a1dddc569bc361387782e8088071593e7eaf3e3ecf7d6bd4976edff112",
                "sha256:4ee0bfd82077a3ff11c985369529b12853a4064320523f8e5079b630f9551448",
                "sha256:54aa24fd60c4262286fc64ca632f9e747c7cc3a3a1144827490e1dc9b8a3a960",
                "sha256:58688a2dfa044fad608a8e70ba8d019d0b872ec2acd75b7b5e37da8905605891",
                "sha256:5b99c2ae8089ef50223c28bac57510c163bfdff158c9e90764f812b94e69a0e6",
                "sha256:5b9d21fc56c8aacd2e6d14738021a9d64f3f69b30578a99325a728e38a349f85",
                "sha256:5f1f2eb22aab606f808163eb1d537ac9a0ba4283fbeb7a62eb48d9103cf015c2",
                "sha256:6ca519309703e95d55965735a667809bbb65f52beda2fdb6312385d3e7a6d234",
                "sha256:87c78f6936e2654397ca2979c1d323ee4a889eef536cc77a938c6b5be33351a7",
                "sha256:8952f6ba6ae598e792703f3134af5a01af8f5c7cf07e9a148f05a12b02412cea",
                "sha256:931339ac2000d12fe212e64f98ce291e81a7ec6c73b125f17cf08415b753c087",
                "sha256:956775444d01331c7eb412c5fb9bb62130dfaac77e09f32764ea1865234e2ca9",
                "sha256:97b6255ae77328d0e80593681826a0479cb7bac0ba8251b4dd882f5145a2293a",
                "sha256:aaa8b40b676576fd7806839a5de8e6d5d1b74981e6376d862af6c117af2a3c10",
                "sha256:af0c02cf49f4f9eedf38edb4f3b6bb621d83026e7e5d76eb5526cc5333782fd6",
                "sha256:b08780e3a55215873b3b8e6e7ca8987f14c902a24b6ac081b344fd430d6ca7cd",
                "sha256:ba6f24431b569aec674ede49cad197cad59571c12deed6ad8e3c596da8288217",
                "sha256:bafd651b557dd81d89bd5f9c678872f3e7b7255c1c751b78d520df2caac80230",
                "sha256:bfff5ffff051f5aa47ba3b379d87bd051c3196b0c8a603e8b7ed68a6b4f217ec",
                "sha256:cf5d689ba9513b9753959164cf500079383bc18859f58bf8ce06d8d4bef2b054",
                "sha256:dcbc3f30c11c60d709c30a213dc56e88ac016fe76ac6768e64717bd976072566",
                "sha256:f9d7e742fb0196992477415bb34366c12e9bb9a0699b8b3f221ff93b213d7bec",
                "sha256:faee2604f279d31312bc455f3d024f160b6168b9c1dde22bf62d8c88a4deca8e"
            ],
            "version": "==19.0.1"
        },
        "requests": {
            "hashes": [
                "sha256:43999036bfa82904b6af1d99e4882b560e5e2c68e5c4b0aa03b655f3d7d73fee",
                "sha256:b3f43d496c6daba4493e7c431722aeb7dbc6288f52a6e04e7b6023b0247817e6"
            ],
            "version": "==2.23.0"
        },
        "requests-oauthlib": {
            "hashes": [
                "sha256:7f71572defaecd16372f9006f33c2ec8c077c3cfa6f5911a9a90202beb513f3d",
                "sha256:b4261601a71fd721a8bd6d7aa1cc1d6a8a93b4a9f5e96626f8e4d91e8beeaa6a"
            ],
            "version": "==1.3.0"
        },
        "retrying": {
            "hashes": [
                "sha256:08c039560a6da2fe4f2c426d0766e284d3b736e355f8dd24b37367b0bb41973b"
            ],
            "version": "==1.3.3"
        },
        "rsa": {
            "hashes": [
                "sha256:14ba45700ff1ec9eeb206a2ce76b32814958a98e372006c8fb76ba820211be66",
                "sha256:1a836406405730121ae9823e19c6e806c62bbad73f890574fff50efa4122c487"
            ],
            "version": "==4.0"
        },
        "s3transfer": {
            "hashes": [
                "sha256:2482b4259524933a022d59da830f51bd746db62f047d6eb213f2f8855dcb8a13",
                "sha256:921a37e2aefc64145e7b73d50c71bb4f26f46e4c9f414dc648c6245ff92cf7db"
            ],
            "version": "==0.3.3"
        },
        "six": {
            "hashes": [
                "sha256:236bdbdce46e6e6a3d61a337c0f8b763ca1e8717c03b369e87a7ec7ce1319c0a",
                "sha256:8f3cd2e254d8f793e7f3d6d9df77b92252b52637291d0f0da013c76ea2724b6c"
            ],
            "version": "==1.14.0"
        },
        "streamlit": {
            "hashes": [
                "sha256:05a1cc17d10f7c386a96a3712ec370fc9121bddd8984f5a81c1a69f7f4202e49"
            ],
            "index": "pypi",
            "version": "==0.58.0"
        },
        "toml": {
            "hashes": [
                "sha256:926b612be1e5ce0634a2ca03470f95169cf16f939018233a670519cb4ac58b0f",
                "sha256:bda89d5935c2eac546d648028b9901107a595863cb36bae0c73ac804a9b4ce88"
            ],
            "version": "==0.10.1"
        },
        "toolz": {
            "hashes": [
                "sha256:08fdd5ef7c96480ad11c12d472de21acd32359996f69a5259299b540feba4560"
            ],
            "version": "==0.10.0"
        },
        "tornado": {
            "hashes": [
                "sha256:0662d28b1ca9f67108c7e3b77afabfb9c7e87bde174fbda78186ecedc2499a9d",
                "sha256:4e5158d97583502a7e2739951553cbd88a72076f152b4b11b64b9a10c4c49409",
                "sha256:732e836008c708de2e89a31cb2fa6c0e5a70cb60492bee6f1ea1047500feaf7f",
                "sha256:8154ec22c450df4e06b35f131adc4f2f3a12ec85981a203301d310abf580500f",
                "sha256:8e9d728c4579682e837c92fdd98036bd5cdefa1da2aaf6acf26947e6dd0c01c5",
                "sha256:d4b3e5329f572f055b587efc57d29bd051589fb5a43ec8898c77a47ec2fa2bbb",
                "sha256:e5f2585afccbff22390cddac29849df463b252b711aa2ce7c5f3f342a5b3b444"
            ],
            "version": "==5.1.1"
        },
        "traitlets": {
            "hashes": [
                "sha256:70b4c6a1d9019d7b4f6846832288f86998aa3b9207c6821f3578a6a6a467fe44",
                "sha256:d023ee369ddd2763310e4c3eae1ff649689440d4ae59d7485eb4cfbbe3e359f7"
            ],
            "version": "==4.3.3"
        },
        "tzlocal": {
            "hashes": [
                "sha256:643c97c5294aedc737780a49d9df30889321cbe1204eac2c2ec6134035a92e44",
                "sha256:e2cb6c6b5b604af38597403e9852872d7f534962ae2954c7f35efcb1ccacf4a4"
            ],
            "version": "==2.1"
        },
        "urllib3": {
            "hashes": [
                "sha256:3018294ebefce6572a474f0604c2021e33b3fd8006ecd11d62107a5d2a963527",
                "sha256:88206b0eb87e6d677d424843ac5209e3fb9d0190d0ee169599165ec25e9d9115"
            ],
            "markers": "python_version != '3.4'",
            "version": "==1.25.9"
        },
        "validators": {
            "hashes": [
                "sha256:31e8bb01b48b48940a021b8a9576b840f98fa06b91762ef921d02cb96d38727a"
            ],
            "version": "==0.15.0"
        },
        "watchdog": {
            "hashes": [
                "sha256:c560efb643faed5ef28784b2245cf8874f939569717a4a12826a173ac644456b"
            ],
            "version": "==0.10.2"
        },
        "wcwidth": {
            "hashes": [
                "sha256:cafe2186b3c009a04067022ce1dcd79cb38d8d65ee4f4791b8888d6599d1bbe1",
                "sha256:ee73862862a156bf77ff92b09034fc4825dd3af9cf81bc5b360668d425f3c5f1"
            ],
            "version": "==0.1.9"
        },
        "werkzeug": {
            "hashes": [
                "sha256:2de2a5db0baeae7b2d2664949077c2ac63fbd16d98da0ff71837f7d1dea3fd43",
                "sha256:6c80b1e5ad3665290ea39320b91e1be1e0d5f60652b964a3070216de83d2e47c"
            ],
            "version": "==1.0.1"
        },
        "widgetsnbextension": {
            "hashes": [
                "sha256:cb6181b4037da02deeabab39d5cb1113a7390aee7468b1f8237c2abbd6df6107",
                "sha256:fee3b6ec261393db5b4ec7c4fc96bf85c146cc6e5f38069c27d54fb7892bbb15"
            ],
            "version": "==4.0.0a0"
        },
        "zipp": {
            "hashes": [
                "sha256:aa36550ff0c0b7ef7fa639055d797116ee891440eac1a56f378e2d3179e0320b",
                "sha256:c599e4d75c98f6798c509911d08a22e6c021d074469042177c8c86fb92eefd96"
            ],
            "version": "==3.1.0"
        }
    },
    "develop": {
        "appdirs": {
            "hashes": [
                "sha256:7d5d0167b2b1ba821647616af46a749d1c653740dd0d2415100fe26e27afdf41",
                "sha256:a841dacd6b99318a741b166adb07e19ee71a274450e68237b4650ca1055ab128"
            ],
            "version": "==1.4.4"
        },
        "attrs": {
            "hashes": [
                "sha256:08a96c641c3a74e44eb59afb61a24f2cb9f4d7188748e76ba4bb5edfa3cb7d1c",
                "sha256:f7b7ce16570fe9965acd6d30101a28f62fb4a7f9e926b3bbc9b61f8b04247e72"
            ],
            "version": "==19.3.0"
        },
        "black": {
            "hashes": [
                "sha256:1b30e59be925fafc1ee4565e5e08abef6b03fe455102883820fe5ee2e4734e0b",
                "sha256:c2edb73a08e9e0e6f65a0e6af18b059b8b1cdd5bef997d7a0b181df93dc81539"
            ],
            "index": "pypi",
            "version": "==19.10b0"
        },
        "click": {
            "hashes": [
                "sha256:d2b5255c7c6349bc1bd1e59e08cd12acbbd63ce649f2588755783aa94dfb6b1a",
                "sha256:dacca89f4bfadd5de3d7489b7c8a566eee0d3676333fbb50030263894c38c0dc"
            ],
            "version": "==7.1.2"
        },
        "importlib-metadata": {
            "hashes": [
                "sha256:2a688cbaa90e0cc587f1df48bdc97a6eadccdcd9c35fb3f976a09e3b5016d90f",
                "sha256:34513a8a0c4962bc66d35b359558fd8a5e10cd472d37aec5f66858addef32c1e"
            ],
            "markers": "python_version < '3.8'",
            "version": "==1.6.0"
        },
        "more-itertools": {
            "hashes": [
                "sha256:558bb897a2232f5e4f8e2399089e35aecb746e1f9191b6584a151647e89267be",
                "sha256:7818f596b1e87be009031c7653d01acc46ed422e6656b394b0f765ce66ed4982"
            ],
            "version": "==8.3.0"
        },
        "packaging": {
            "hashes": [
                "sha256:4357f74f47b9c12db93624a82154e9b120fa8293699949152b22065d556079f8",
                "sha256:998416ba6962ae7fbd6596850b80e17859a5753ba17c32284f67bfff33784181"
            ],
            "version": "==20.4"
        },
        "pathspec": {
            "hashes": [
                "sha256:7d91249d21749788d07a2d0f94147accd8f845507400749ea19c1ec9054a12b0",
                "sha256:da45173eb3a6f2a5a487efba21f050af2b41948be6ab52b6a1e3ff22bb8b7061"
            ],
            "version": "==0.8.0"
        },
        "pluggy": {
            "hashes": [
                "sha256:15b2acde666561e1298d71b523007ed7364de07029219b604cf808bfa1c765b0",
                "sha256:966c145cd83c96502c3c3868f50408687b38434af77734af1e9ca461a4081d2d"
            ],
            "version": "==0.13.1"
        },
        "py": {
            "hashes": [
                "sha256:5e27081401262157467ad6e7f851b7aa402c5852dbcb3dae06768434de5752aa",
                "sha256:c20fdd83a5dbc0af9efd622bee9a5564e278f6380fffcacc43ba6f43db2813b0"
            ],
            "version": "==1.8.1"
        },
        "pyparsing": {
            "hashes": [
                "sha256:67199f0c41a9c702154efb0e7a8cc08accf830eb003b4d9fa42c4059002e2492",
                "sha256:700d17888d441604b0bd51535908dcb297561b040819cccde647a92439db5a2a"
            ],
            "version": "==3.0.0a1"
        },
        "pytest": {
            "hashes": [
                "sha256:0e5b30f5cb04e887b91b1ee519fa3d89049595f428c1db76e73bd7f17b09b172",
                "sha256:84dde37075b8805f3d1f392cc47e38a0e59518fb46a431cfdaf7cf1ce805f970"
            ],
            "index": "pypi",
            "version": "==5.4.1"
        },
        "regex": {
            "hashes": [
                "sha256:1386e75c9d1574f6aa2e4eb5355374c8e55f9aac97e224a8a5a6abded0f9c927",
                "sha256:27ff7325b297fb6e5ebb70d10437592433601c423f5acf86e5bc1ee2919b9561",
                "sha256:329ba35d711e3428db6b45a53b1b13a0a8ba07cbbcf10bbed291a7da45f106c3",
                "sha256:3a9394197664e35566242686d84dfd264c07b20f93514e2e09d3c2b3ffdf78fe",
                "sha256:51f17abbe973c7673a61863516bdc9c0ef467407a940f39501e786a07406699c",
                "sha256:579ea215c81d18da550b62ff97ee187b99f1b135fd894a13451e00986a080cad",
                "sha256:70c14743320a68c5dac7fc5a0f685be63bc2024b062fe2aaccc4acc3d01b14a1",
                "sha256:7e61be8a2900897803c293247ef87366d5df86bf701083b6c43119c7c6c99108",
                "sha256:8044d1c085d49673aadb3d7dc20ef5cb5b030c7a4fa253a593dda2eab3059929",
                "sha256:89d76ce33d3266173f5be80bd4efcbd5196cafc34100fdab814f9b228dee0fa4",
                "sha256:99568f00f7bf820c620f01721485cad230f3fb28f57d8fbf4a7967ec2e446994",
                "sha256:a7c37f048ec3920783abab99f8f4036561a174f1314302ccfa4e9ad31cb00eb4",
                "sha256:c2062c7d470751b648f1cacc3f54460aebfc261285f14bc6da49c6943bd48bdd",
                "sha256:c9bce6e006fbe771a02bda468ec40ffccbf954803b470a0345ad39c603402577",
                "sha256:ce367d21f33e23a84fb83a641b3834dd7dd8e9318ad8ff677fbfae5915a239f7",
                "sha256:ce450ffbfec93821ab1fea94779a8440e10cf63819be6e176eb1973a6017aff5",
                "sha256:ce5cc53aa9fbbf6712e92c7cf268274eaff30f6bd12a0754e8133d85a8fb0f5f",
                "sha256:d466967ac8e45244b9dfe302bbe5e3337f8dc4dec8d7d10f5e950d83b140d33a",
                "sha256:d881c2e657c51d89f02ae4c21d9adbef76b8325fe4d5cf0e9ad62f850f3a98fd",
                "sha256:e565569fc28e3ba3e475ec344d87ed3cd8ba2d575335359749298a0899fe122e",
                "sha256:ea55b80eb0d1c3f1d8d784264a6764f931e172480a2f1868f2536444c5f01e01"
            ],
            "version": "==2020.5.14"
        },
        "six": {
            "hashes": [
                "sha256:236bdbdce46e6e6a3d61a337c0f8b763ca1e8717c03b369e87a7ec7ce1319c0a",
                "sha256:8f3cd2e254d8f793e7f3d6d9df77b92252b52637291d0f0da013c76ea2724b6c"
            ],
            "version": "==1.14.0"
        },
        "toml": {
            "hashes": [
                "sha256:926b612be1e5ce0634a2ca03470f95169cf16f939018233a670519cb4ac58b0f",
                "sha256:bda89d5935c2eac546d648028b9901107a595863cb36bae0c73ac804a9b4ce88"
            ],
            "version": "==0.10.1"
        },
        "typed-ast": {
            "hashes": [
                "sha256:0666aa36131496aed8f7be0410ff974562ab7eeac11ef351def9ea6fa28f6355",
                "sha256:0c2c07682d61a629b68433afb159376e24e5b2fd4641d35424e462169c0a7919",
                "sha256:249862707802d40f7f29f6e1aad8d84b5aa9e44552d2cc17384b209f091276aa",
                "sha256:24995c843eb0ad11a4527b026b4dde3da70e1f2d8806c99b7b4a7cf491612652",
                "sha256:269151951236b0f9a6f04015a9004084a5ab0d5f19b57de779f908621e7d8b75",
                "sha256:4083861b0aa07990b619bd7ddc365eb7fa4b817e99cf5f8d9cf21a42780f6e01",
                "sha256:498b0f36cc7054c1fead3d7fc59d2150f4d5c6c56ba7fb150c013fbc683a8d2d",
                "sha256:4e3e5da80ccbebfff202a67bf900d081906c358ccc3d5e3c8aea42fdfdfd51c1",
                "sha256:6daac9731f172c2a22ade6ed0c00197ee7cc1221aa84cfdf9c31defeb059a907",
                "sha256:715ff2f2df46121071622063fc7543d9b1fd19ebfc4f5c8895af64a77a8c852c",
                "sha256:73d785a950fc82dd2a25897d525d003f6378d1cb23ab305578394694202a58c3",
                "sha256:8c8aaad94455178e3187ab22c8b01a3837f8ee50e09cf31f1ba129eb293ec30b",
                "sha256:8ce678dbaf790dbdb3eba24056d5364fb45944f33553dd5869b7580cdbb83614",
                "sha256:aaee9905aee35ba5905cfb3c62f3e83b3bec7b39413f0a7f19be4e547ea01ebb",
                "sha256:bcd3b13b56ea479b3650b82cabd6b5343a625b0ced5429e4ccad28a8973f301b",
                "sha256:c9e348e02e4d2b4a8b2eedb48210430658df6951fa484e59de33ff773fbd4b41",
                "sha256:d205b1b46085271b4e15f670058ce182bd1199e56b317bf2ec004b6a44f911f6",
                "sha256:d43943ef777f9a1c42bf4e552ba23ac77a6351de620aa9acf64ad54933ad4d34",
                "sha256:d5d33e9e7af3b34a40dc05f498939f0ebf187f07c385fd58d591c533ad8562fe",
                "sha256:fc0fea399acb12edbf8a628ba8d2312f583bdbdb3335635db062fa98cf71fca4",
                "sha256:fe460b922ec15dd205595c9b5b99e2f056fd98ae8f9f56b888e7a17dc2b757e7"
            ],
            "version": "==1.4.1"
        },
        "wcwidth": {
            "hashes": [
                "sha256:cafe2186b3c009a04067022ce1dcd79cb38d8d65ee4f4791b8888d6599d1bbe1",
                "sha256:ee73862862a156bf77ff92b09034fc4825dd3af9cf81bc5b360668d425f3c5f1"
            ],
            "version": "==0.1.9"
        },
        "zipp": {
            "hashes": [
                "sha256:aa36550ff0c0b7ef7fa639055d797116ee891440eac1a56f378e2d3179e0320b",
                "sha256:c599e4d75c98f6798c509911d08a22e6c021d074469042177c8c86fb92eefd96"
            ],
            "version": "==3.1.0"
        }
    }
}
